// !$*UTF8*$!
{
	archiveVersion = 1;
	classes = {
	};
	objectVersion = 50;
	objects = {

/* Begin PBXBuildFile section */
		1144843E1B4C971088ED3798 /* Pods_shooting_gameUITests.framework in Frameworks */ = {isa = PBXBuildFile; fileRef = 85006DE955CC663747D0F131 /* Pods_shooting_gameUITests.framework */; };
		998C6458865D3EDD1E2AE3DC /* Pods_shooting_game.framework in Frameworks */ = {isa = PBXBuildFile; fileRef = 7AFE7549F7AF8B7F7AA6B622 /* Pods_shooting_game.framework */; };
		B4A726C0214C1B6F00EB8258 /* AppDelegate.swift in Sources */ = {isa = PBXBuildFile; fileRef = B4A726BF214C1B6F00EB8258 /* AppDelegate.swift */; };
		B4A726C2214C1B6F00EB8258 /* GameScene.sks in Resources */ = {isa = PBXBuildFile; fileRef = B4A726C1214C1B6F00EB8258 /* GameScene.sks */; };
		B4A726C4214C1B6F00EB8258 /* Actions.sks in Resources */ = {isa = PBXBuildFile; fileRef = B4A726C3214C1B6F00EB8258 /* Actions.sks */; };
		B4A726C6214C1B6F00EB8258 /* GameScene.swift in Sources */ = {isa = PBXBuildFile; fileRef = B4A726C5214C1B6F00EB8258 /* GameScene.swift */; };
		B4A726C8214C1B6F00EB8258 /* GameViewController.swift in Sources */ = {isa = PBXBuildFile; fileRef = B4A726C7214C1B6F00EB8258 /* GameViewController.swift */; };
		B4A726CB214C1B6F00EB8258 /* Main.storyboard in Resources */ = {isa = PBXBuildFile; fileRef = B4A726C9214C1B6F00EB8258 /* Main.storyboard */; };
		B4A726CD214C1B7000EB8258 /* Assets.xcassets in Resources */ = {isa = PBXBuildFile; fileRef = B4A726CC214C1B7000EB8258 /* Assets.xcassets */; };
		B4A726D0214C1B7000EB8258 /* LaunchScreen.storyboard in Resources */ = {isa = PBXBuildFile; fileRef = B4A726CE214C1B7000EB8258 /* LaunchScreen.storyboard */; };
		B4A726DB214C1B7000EB8258 /* shooting_gameTests.swift in Sources */ = {isa = PBXBuildFile; fileRef = B4A726DA214C1B7000EB8258 /* shooting_gameTests.swift */; };
		B4A726E6214C1B7000EB8258 /* shooting_gameUITests.swift in Sources */ = {isa = PBXBuildFile; fileRef = B4A726E5214C1B7000EB8258 /* shooting_gameUITests.swift */; };
		B4A726F4214C218700EB8258 /* Explosion.sks in Resources */ = {isa = PBXBuildFile; fileRef = B4A726F3214C218700EB8258 /* Explosion.sks */; };
		B4F84F78218472A000818E3F /* StartViewController.swift in Sources */ = {isa = PBXBuildFile; fileRef = B4F84F77218472A000818E3F /* StartViewController.swift */; };
		B9C41F16A3354980A9987B82 /* Pods_shooting_gameTests.framework in Frameworks */ = {isa = PBXBuildFile; fileRef = C4AC90EEA9FE1F4261B0C534 /* Pods_shooting_gameTests.framework */; };
/* End PBXBuildFile section */

/* Begin PBXContainerItemProxy section */
		B4A726D7214C1B7000EB8258 /* PBXContainerItemProxy */ = {
			isa = PBXContainerItemProxy;
			containerPortal = B4A726B4214C1B6F00EB8258 /* Project object */;
			proxyType = 1;
			remoteGlobalIDString = B4A726BB214C1B6F00EB8258;
			remoteInfo = "shooting-game";
		};
		B4A726E2214C1B7000EB8258 /* PBXContainerItemProxy */ = {
			isa = PBXContainerItemProxy;
			containerPortal = B4A726B4214C1B6F00EB8258 /* Project object */;
			proxyType = 1;
			remoteGlobalIDString = B4A726BB214C1B6F00EB8258;
			remoteInfo = "shooting-game";
		};
/* End PBXContainerItemProxy section */

/* Begin PBXFileReference section */
		187708F582A60E5FBEC5FD39 /* Pods-shooting-game.debug.xcconfig */ = {isa = PBXFileReference; includeInIndex = 1; lastKnownFileType = text.xcconfig; name = "Pods-shooting-game.debug.xcconfig"; path = "Pods/Target Support Files/Pods-shooting-game/Pods-shooting-game.debug.xcconfig"; sourceTree = "<group>"; };
		1DBE95BEEBED3F7D1E828AAD /* Pods-shooting-gameUITests.release.xcconfig */ = {isa = PBXFileReference; includeInIndex = 1; lastKnownFileType = text.xcconfig; name = "Pods-shooting-gameUITests.release.xcconfig"; path = "Pods/Target Support Files/Pods-shooting-gameUITests/Pods-shooting-gameUITests.release.xcconfig"; sourceTree = "<group>"; };
		341F55B89134864C3F237ACF /* Pods-shooting-gameUITests.debug.xcconfig */ = {isa = PBXFileReference; includeInIndex = 1; lastKnownFileType = text.xcconfig; name = "Pods-shooting-gameUITests.debug.xcconfig"; path = "Pods/Target Support Files/Pods-shooting-gameUITests/Pods-shooting-gameUITests.debug.xcconfig"; sourceTree = "<group>"; };
		7AFE7549F7AF8B7F7AA6B622 /* Pods_shooting_game.framework */ = {isa = PBXFileReference; explicitFileType = wrapper.framework; includeInIndex = 0; path = Pods_shooting_game.framework; sourceTree = BUILT_PRODUCTS_DIR; };
		85006DE955CC663747D0F131 /* Pods_shooting_gameUITests.framework */ = {isa = PBXFileReference; explicitFileType = wrapper.framework; includeInIndex = 0; path = Pods_shooting_gameUITests.framework; sourceTree = BUILT_PRODUCTS_DIR; };
		8B0F69AC2C70006EF646E62C /* Pods-shooting-game.release.xcconfig */ = {isa = PBXFileReference; includeInIndex = 1; lastKnownFileType = text.xcconfig; name = "Pods-shooting-game.release.xcconfig"; path = "Pods/Target Support Files/Pods-shooting-game/Pods-shooting-game.release.xcconfig"; sourceTree = "<group>"; };
		93308B8CEAC48A2BED4ECFFF /* Pods-shooting-gameTests.debug.xcconfig */ = {isa = PBXFileReference; includeInIndex = 1; lastKnownFileType = text.xcconfig; name = "Pods-shooting-gameTests.debug.xcconfig"; path = "Pods/Target Support Files/Pods-shooting-gameTests/Pods-shooting-gameTests.debug.xcconfig"; sourceTree = "<group>"; };
		B4A726BC214C1B6F00EB8258 /* shooting-game.app */ = {isa = PBXFileReference; explicitFileType = wrapper.application; includeInIndex = 0; path = "shooting-game.app"; sourceTree = BUILT_PRODUCTS_DIR; };
		B4A726BF214C1B6F00EB8258 /* AppDelegate.swift */ = {isa = PBXFileReference; lastKnownFileType = sourcecode.swift; path = AppDelegate.swift; sourceTree = "<group>"; };
		B4A726C1214C1B6F00EB8258 /* GameScene.sks */ = {isa = PBXFileReference; lastKnownFileType = file.sks; path = GameScene.sks; sourceTree = "<group>"; };
		B4A726C3214C1B6F00EB8258 /* Actions.sks */ = {isa = PBXFileReference; lastKnownFileType = file.sks; path = Actions.sks; sourceTree = "<group>"; };
		B4A726C5214C1B6F00EB8258 /* GameScene.swift */ = {isa = PBXFileReference; lastKnownFileType = sourcecode.swift; path = GameScene.swift; sourceTree = "<group>"; };
		B4A726C7214C1B6F00EB8258 /* GameViewController.swift */ = {isa = PBXFileReference; lastKnownFileType = sourcecode.swift; path = GameViewController.swift; sourceTree = "<group>"; };
		B4A726CA214C1B6F00EB8258 /* Base */ = {isa = PBXFileReference; lastKnownFileType = file.storyboard; name = Base; path = Base.lproj/Main.storyboard; sourceTree = "<group>"; };
		B4A726CC214C1B7000EB8258 /* Assets.xcassets */ = {isa = PBXFileReference; lastKnownFileType = folder.assetcatalog; path = Assets.xcassets; sourceTree = "<group>"; };
		B4A726CF214C1B7000EB8258 /* Base */ = {isa = PBXFileReference; lastKnownFileType = file.storyboard; name = Base; path = Base.lproj/LaunchScreen.storyboard; sourceTree = "<group>"; };
		B4A726D1214C1B7000EB8258 /* Info.plist */ = {isa = PBXFileReference; lastKnownFileType = text.plist.xml; path = Info.plist; sourceTree = "<group>"; };
		B4A726D6214C1B7000EB8258 /* shooting-gameTests.xctest */ = {isa = PBXFileReference; explicitFileType = wrapper.cfbundle; includeInIndex = 0; path = "shooting-gameTests.xctest"; sourceTree = BUILT_PRODUCTS_DIR; };
		B4A726DA214C1B7000EB8258 /* shooting_gameTests.swift */ = {isa = PBXFileReference; lastKnownFileType = sourcecode.swift; path = shooting_gameTests.swift; sourceTree = "<group>"; };
		B4A726DC214C1B7000EB8258 /* Info.plist */ = {isa = PBXFileReference; lastKnownFileType = text.plist.xml; path = Info.plist; sourceTree = "<group>"; };
		B4A726E1214C1B7000EB8258 /* shooting-gameUITests.xctest */ = {isa = PBXFileReference; explicitFileType = wrapper.cfbundle; includeInIndex = 0; path = "shooting-gameUITests.xctest"; sourceTree = BUILT_PRODUCTS_DIR; };
		B4A726E5214C1B7000EB8258 /* shooting_gameUITests.swift */ = {isa = PBXFileReference; lastKnownFileType = sourcecode.swift; path = shooting_gameUITests.swift; sourceTree = "<group>"; };
		B4A726E7214C1B7000EB8258 /* Info.plist */ = {isa = PBXFileReference; lastKnownFileType = text.plist.xml; path = Info.plist; sourceTree = "<group>"; };
		B4A726F3214C218700EB8258 /* Explosion.sks */ = {isa = PBXFileReference; lastKnownFileType = file.sks; path = Explosion.sks; sourceTree = "<group>"; };
		B4F84F77218472A000818E3F /* StartViewController.swift */ = {isa = PBXFileReference; lastKnownFileType = sourcecode.swift; path = StartViewController.swift; sourceTree = "<group>"; };
		B4F84F7921847A1300818E3F /* shooting-game-Bridging-Header.h */ = {isa = PBXFileReference; lastKnownFileType = sourcecode.c.h; path = "shooting-game-Bridging-Header.h"; sourceTree = "<group>"; };
		C4AC90EEA9FE1F4261B0C534 /* Pods_shooting_gameTests.framework */ = {isa = PBXFileReference; explicitFileType = wrapper.framework; includeInIndex = 0; path = Pods_shooting_gameTests.framework; sourceTree = BUILT_PRODUCTS_DIR; };
		E331C9F62B99214429E558C2 /* Pods-shooting-gameTests.release.xcconfig */ = {isa = PBXFileReference; includeInIndex = 1; lastKnownFileType = text.xcconfig; name = "Pods-shooting-gameTests.release.xcconfig"; path = "Pods/Target Support Files/Pods-shooting-gameTests/Pods-shooting-gameTests.release.xcconfig"; sourceTree = "<group>"; };
/* End PBXFileReference section */

/* Begin PBXFrameworksBuildPhase section */
		B4A726B9214C1B6F00EB8258 /* Frameworks */ = {
			isa = PBXFrameworksBuildPhase;
			buildActionMask = 2147483647;
			files = (
				998C6458865D3EDD1E2AE3DC /* Pods_shooting_game.framework in Frameworks */,
			);
			runOnlyForDeploymentPostprocessing = 0;
		};
		B4A726D3214C1B7000EB8258 /* Frameworks */ = {
			isa = PBXFrameworksBuildPhase;
			buildActionMask = 2147483647;
			files = (
				B9C41F16A3354980A9987B82 /* Pods_shooting_gameTests.framework in Frameworks */,
			);
			runOnlyForDeploymentPostprocessing = 0;
		};
		B4A726DE214C1B7000EB8258 /* Frameworks */ = {
			isa = PBXFrameworksBuildPhase;
			buildActionMask = 2147483647;
			files = (
				1144843E1B4C971088ED3798 /* Pods_shooting_gameUITests.framework in Frameworks */,
			);
			runOnlyForDeploymentPostprocessing = 0;
		};
/* End PBXFrameworksBuildPhase section */

/* Begin PBXGroup section */
		556BFCFE75C1C1D31CDEF9D8 /* Pods */ = {
			isa = PBXGroup;
			children = (
				187708F582A60E5FBEC5FD39 /* Pods-shooting-game.debug.xcconfig */,
				8B0F69AC2C70006EF646E62C /* Pods-shooting-game.release.xcconfig */,
				93308B8CEAC48A2BED4ECFFF /* Pods-shooting-gameTests.debug.xcconfig */,
				E331C9F62B99214429E558C2 /* Pods-shooting-gameTests.release.xcconfig */,
				341F55B89134864C3F237ACF /* Pods-shooting-gameUITests.debug.xcconfig */,
				1DBE95BEEBED3F7D1E828AAD /* Pods-shooting-gameUITests.release.xcconfig */,
			);
			name = Pods;
			sourceTree = "<group>";
		};
		B4A726B3214C1B6F00EB8258 = {
			isa = PBXGroup;
			children = (
				B4A726BE214C1B6F00EB8258 /* shooting-game */,
				B4A726D9214C1B7000EB8258 /* shooting-gameTests */,
				B4A726E4214C1B7000EB8258 /* shooting-gameUITests */,
				B4A726BD214C1B6F00EB8258 /* Products */,
				556BFCFE75C1C1D31CDEF9D8 /* Pods */,
				F243FFB11B3C99490C0EB6C2 /* Frameworks */,
			);
			sourceTree = "<group>";
		};
		B4A726BD214C1B6F00EB8258 /* Products */ = {
			isa = PBXGroup;
			children = (
				B4A726BC214C1B6F00EB8258 /* shooting-game.app */,
				B4A726D6214C1B7000EB8258 /* shooting-gameTests.xctest */,
				B4A726E1214C1B7000EB8258 /* shooting-gameUITests.xctest */,
			);
			name = Products;
			sourceTree = "<group>";
		};
		B4A726BE214C1B6F00EB8258 /* shooting-game */ = {
			isa = PBXGroup;
			children = (
				B4A726BF214C1B6F00EB8258 /* AppDelegate.swift */,
				B4A726C1214C1B6F00EB8258 /* GameScene.sks */,
				B4A726C3214C1B6F00EB8258 /* Actions.sks */,
				B4A726C5214C1B6F00EB8258 /* GameScene.swift */,
				B4A726F3214C218700EB8258 /* Explosion.sks */,
				B4A726C7214C1B6F00EB8258 /* GameViewController.swift */,
				B4A726C9214C1B6F00EB8258 /* Main.storyboard */,
				B4A726CC214C1B7000EB8258 /* Assets.xcassets */,
				B4A726CE214C1B7000EB8258 /* LaunchScreen.storyboard */,
				B4A726D1214C1B7000EB8258 /* Info.plist */,
				B4F84F77218472A000818E3F /* StartViewController.swift */,
				B4F84F7921847A1300818E3F /* shooting-game-Bridging-Header.h */,
			);
			path = "shooting-game";
			sourceTree = "<group>";
		};
		B4A726D9214C1B7000EB8258 /* shooting-gameTests */ = {
			isa = PBXGroup;
			children = (
				B4A726DA214C1B7000EB8258 /* shooting_gameTests.swift */,
				B4A726DC214C1B7000EB8258 /* Info.plist */,
			);
			path = "shooting-gameTests";
			sourceTree = "<group>";
		};
		B4A726E4214C1B7000EB8258 /* shooting-gameUITests */ = {
			isa = PBXGroup;
			children = (
				B4A726E5214C1B7000EB8258 /* shooting_gameUITests.swift */,
				B4A726E7214C1B7000EB8258 /* Info.plist */,
			);
			path = "shooting-gameUITests";
			sourceTree = "<group>";
		};
		F243FFB11B3C99490C0EB6C2 /* Frameworks */ = {
			isa = PBXGroup;
			children = (
				7AFE7549F7AF8B7F7AA6B622 /* Pods_shooting_game.framework */,
				C4AC90EEA9FE1F4261B0C534 /* Pods_shooting_gameTests.framework */,
				85006DE955CC663747D0F131 /* Pods_shooting_gameUITests.framework */,
			);
			name = Frameworks;
			sourceTree = "<group>";
		};
/* End PBXGroup section */

/* Begin PBXNativeTarget section */
		B4A726BB214C1B6F00EB8258 /* shooting-game */ = {
			isa = PBXNativeTarget;
			buildConfigurationList = B4A726EA214C1B7000EB8258 /* Build configuration list for PBXNativeTarget "shooting-game" */;
			buildPhases = (
				670EA8EA624878C4A8D558BF /* [CP] Check Pods Manifest.lock */,
				B4A726B8214C1B6F00EB8258 /* Sources */,
				B4A726B9214C1B6F00EB8258 /* Frameworks */,
				B4A726BA214C1B6F00EB8258 /* Resources */,
				4D28211F663C1604A2A42717 /* [CP] Embed Pods Frameworks */,
				2587FC3FD010D9640DA6D596 /* [CP] Copy Pods Resources */,
			);
			buildRules = (
			);
			dependencies = (
			);
			name = "shooting-game";
			productName = "shooting-game";
			productReference = B4A726BC214C1B6F00EB8258 /* shooting-game.app */;
			productType = "com.apple.product-type.application";
		};
		B4A726D5214C1B7000EB8258 /* shooting-gameTests */ = {
			isa = PBXNativeTarget;
			buildConfigurationList = B4A726ED214C1B7000EB8258 /* Build configuration list for PBXNativeTarget "shooting-gameTests" */;
			buildPhases = (
				DB482B76CCEDF92E1C690AF1 /* [CP] Check Pods Manifest.lock */,
				B4A726D2214C1B7000EB8258 /* Sources */,
				B4A726D3214C1B7000EB8258 /* Frameworks */,
				B4A726D4214C1B7000EB8258 /* Resources */,
			);
			buildRules = (
			);
			dependencies = (
				B4A726D8214C1B7000EB8258 /* PBXTargetDependency */,
			);
			name = "shooting-gameTests";
			productName = "shooting-gameTests";
			productReference = B4A726D6214C1B7000EB8258 /* shooting-gameTests.xctest */;
			productType = "com.apple.product-type.bundle.unit-test";
		};
		B4A726E0214C1B7000EB8258 /* shooting-gameUITests */ = {
			isa = PBXNativeTarget;
			buildConfigurationList = B4A726F0214C1B7000EB8258 /* Build configuration list for PBXNativeTarget "shooting-gameUITests" */;
			buildPhases = (
				2246BEAB4BB3986B42C29CB6 /* [CP] Check Pods Manifest.lock */,
				B4A726DD214C1B7000EB8258 /* Sources */,
				B4A726DE214C1B7000EB8258 /* Frameworks */,
				B4A726DF214C1B7000EB8258 /* Resources */,
			);
			buildRules = (
			);
			dependencies = (
				B4A726E3214C1B7000EB8258 /* PBXTargetDependency */,
			);
			name = "shooting-gameUITests";
			productName = "shooting-gameUITests";
			productReference = B4A726E1214C1B7000EB8258 /* shooting-gameUITests.xctest */;
			productType = "com.apple.product-type.bundle.ui-testing";
		};
/* End PBXNativeTarget section */

/* Begin PBXProject section */
		B4A726B4214C1B6F00EB8258 /* Project object */ = {
			isa = PBXProject;
			attributes = {
				LastSwiftUpdateCheck = 0940;
				LastUpgradeCheck = 0940;
				ORGANIZATIONNAME = "藤田祥五朗";
				TargetAttributes = {
					B4A726BB214C1B6F00EB8258 = {
						CreatedOnToolsVersion = 9.4.1;
						LastSwiftMigration = 1000;
					};
					B4A726D5214C1B7000EB8258 = {
						CreatedOnToolsVersion = 9.4.1;
						TestTargetID = B4A726BB214C1B6F00EB8258;
					};
					B4A726E0214C1B7000EB8258 = {
						CreatedOnToolsVersion = 9.4.1;
						TestTargetID = B4A726BB214C1B6F00EB8258;
					};
				};
			};
			buildConfigurationList = B4A726B7214C1B6F00EB8258 /* Build configuration list for PBXProject "shooting-game" */;
			compatibilityVersion = "Xcode 9.3";
			developmentRegion = en;
			hasScannedForEncodings = 0;
			knownRegions = (
				en,
				Base,
			);
			mainGroup = B4A726B3214C1B6F00EB8258;
			productRefGroup = B4A726BD214C1B6F00EB8258 /* Products */;
			projectDirPath = "";
			projectRoot = "";
			targets = (
				B4A726BB214C1B6F00EB8258 /* shooting-game */,
				B4A726D5214C1B7000EB8258 /* shooting-gameTests */,
				B4A726E0214C1B7000EB8258 /* shooting-gameUITests */,
			);
		};
/* End PBXProject section */

/* Begin PBXResourcesBuildPhase section */
		B4A726BA214C1B6F00EB8258 /* Resources */ = {
			isa = PBXResourcesBuildPhase;
			buildActionMask = 2147483647;
			files = (
				B4A726CB214C1B6F00EB8258 /* Main.storyboard in Resources */,
				B4A726C2214C1B6F00EB8258 /* GameScene.sks in Resources */,
				B4A726CD214C1B7000EB8258 /* Assets.xcassets in Resources */,
				B4A726D0214C1B7000EB8258 /* LaunchScreen.storyboard in Resources */,
				B4A726C4214C1B6F00EB8258 /* Actions.sks in Resources */,
				B4A726F4214C218700EB8258 /* Explosion.sks in Resources */,
			);
			runOnlyForDeploymentPostprocessing = 0;
		};
		B4A726D4214C1B7000EB8258 /* Resources */ = {
			isa = PBXResourcesBuildPhase;
			buildActionMask = 2147483647;
			files = (
			);
			runOnlyForDeploymentPostprocessing = 0;
		};
		B4A726DF214C1B7000EB8258 /* Resources */ = {
			isa = PBXResourcesBuildPhase;
			buildActionMask = 2147483647;
			files = (
			);
			runOnlyForDeploymentPostprocessing = 0;
		};
/* End PBXResourcesBuildPhase section */

/* Begin PBXShellScriptBuildPhase section */
		2246BEAB4BB3986B42C29CB6 /* [CP] Check Pods Manifest.lock */ = {
			isa = PBXShellScriptBuildPhase;
			buildActionMask = 2147483647;
			files = (
			);
			inputPaths = (
				"${PODS_PODFILE_DIR_PATH}/Podfile.lock",
				"${PODS_ROOT}/Manifest.lock",
			);
			name = "[CP] Check Pods Manifest.lock";
			outputPaths = (
				"$(DERIVED_FILE_DIR)/Pods-shooting-gameUITests-checkManifestLockResult.txt",
			);
			runOnlyForDeploymentPostprocessing = 0;
			shellPath = /bin/sh;
			shellScript = "diff \"${PODS_PODFILE_DIR_PATH}/Podfile.lock\" \"${PODS_ROOT}/Manifest.lock\" > /dev/null\nif [ $? != 0 ] ; then\n    # print error to STDERR\n    echo \"error: The sandbox is not in sync with the Podfile.lock. Run 'pod install' or update your CocoaPods installation.\" >&2\n    exit 1\nfi\n# This output is used by Xcode 'outputs' to avoid re-running this script phase.\necho \"SUCCESS\" > \"${SCRIPT_OUTPUT_FILE_0}\"\n";
			showEnvVarsInLog = 0;
		};
		2587FC3FD010D9640DA6D596 /* [CP] Copy Pods Resources */ = {
			isa = PBXShellScriptBuildPhase;
			buildActionMask = 2147483647;
			files = (
			);
			inputPaths = (
				"${SRCROOT}/Pods/Target Support Files/Pods-shooting-game/Pods-shooting-game-resources.sh",
				"${PODS_ROOT}/TwitterKit/iOS/TwitterKit.framework/TwitterKitResources.bundle",
				"${PODS_ROOT}/TwitterKit/iOS/TwitterKit.framework/TwitterShareExtensionUIResources.bundle",
			);
			name = "[CP] Copy Pods Resources";
			outputPaths = (
				"${TARGET_BUILD_DIR}/${UNLOCALIZED_RESOURCES_FOLDER_PATH}/TwitterKitResources.bundle",
				"${TARGET_BUILD_DIR}/${UNLOCALIZED_RESOURCES_FOLDER_PATH}/TwitterShareExtensionUIResources.bundle",
			);
			runOnlyForDeploymentPostprocessing = 0;
			shellPath = /bin/sh;
			shellScript = "\"${SRCROOT}/Pods/Target Support Files/Pods-shooting-game/Pods-shooting-game-resources.sh\"\n";
			showEnvVarsInLog = 0;
		};
		4D28211F663C1604A2A42717 /* [CP] Embed Pods Frameworks */ = {
			isa = PBXShellScriptBuildPhase;
			buildActionMask = 2147483647;
			files = (
			);
			inputPaths = (
				"${SRCROOT}/Pods/Target Support Files/Pods-shooting-game/Pods-shooting-game-frameworks.sh",
				"${PODS_ROOT}/TwitterCore/iOS/TwitterCore.framework",
				"${PODS_ROOT}/TwitterKit/iOS/TwitterKit.framework",
			);
			name = "[CP] Embed Pods Frameworks";
			outputPaths = (
				"${TARGET_BUILD_DIR}/${FRAMEWORKS_FOLDER_PATH}/TwitterCore.framework",
				"${TARGET_BUILD_DIR}/${FRAMEWORKS_FOLDER_PATH}/TwitterKit.framework",
			);
			runOnlyForDeploymentPostprocessing = 0;
			shellPath = /bin/sh;
			shellScript = "\"${SRCROOT}/Pods/Target Support Files/Pods-shooting-game/Pods-shooting-game-frameworks.sh\"\n";
			showEnvVarsInLog = 0;
		};
		670EA8EA624878C4A8D558BF /* [CP] Check Pods Manifest.lock */ = {
			isa = PBXShellScriptBuildPhase;
			buildActionMask = 2147483647;
			files = (
			);
			inputPaths = (
				"${PODS_PODFILE_DIR_PATH}/Podfile.lock",
				"${PODS_ROOT}/Manifest.lock",
			);
			name = "[CP] Check Pods Manifest.lock";
			outputPaths = (
				"$(DERIVED_FILE_DIR)/Pods-shooting-game-checkManifestLockResult.txt",
			);
			runOnlyForDeploymentPostprocessing = 0;
			shellPath = /bin/sh;
			shellScript = "diff \"${PODS_PODFILE_DIR_PATH}/Podfile.lock\" \"${PODS_ROOT}/Manifest.lock\" > /dev/null\nif [ $? != 0 ] ; then\n    # print error to STDERR\n    echo \"error: The sandbox is not in sync with the Podfile.lock. Run 'pod install' or update your CocoaPods installation.\" >&2\n    exit 1\nfi\n# This output is used by Xcode 'outputs' to avoid re-running this script phase.\necho \"SUCCESS\" > \"${SCRIPT_OUTPUT_FILE_0}\"\n";
			showEnvVarsInLog = 0;
		};
		DB482B76CCEDF92E1C690AF1 /* [CP] Check Pods Manifest.lock */ = {
			isa = PBXShellScriptBuildPhase;
			buildActionMask = 2147483647;
			files = (
			);
			inputPaths = (
				"${PODS_PODFILE_DIR_PATH}/Podfile.lock",
				"${PODS_ROOT}/Manifest.lock",
			);
			name = "[CP] Check Pods Manifest.lock";
			outputPaths = (
				"$(DERIVED_FILE_DIR)/Pods-shooting-gameTests-checkManifestLockResult.txt",
			);
			runOnlyForDeploymentPostprocessing = 0;
			shellPath = /bin/sh;
			shellScript = "diff \"${PODS_PODFILE_DIR_PATH}/Podfile.lock\" \"${PODS_ROOT}/Manifest.lock\" > /dev/null\nif [ $? != 0 ] ; then\n    # print error to STDERR\n    echo \"error: The sandbox is not in sync with the Podfile.lock. Run 'pod install' or update your CocoaPods installation.\" >&2\n    exit 1\nfi\n# This output is used by Xcode 'outputs' to avoid re-running this script phase.\necho \"SUCCESS\" > \"${SCRIPT_OUTPUT_FILE_0}\"\n";
			showEnvVarsInLog = 0;
		};
/* End PBXShellScriptBuildPhase section */

/* Begin PBXSourcesBuildPhase section */
		B4A726B8214C1B6F00EB8258 /* Sources */ = {
			isa = PBXSourcesBuildPhase;
			buildActionMask = 2147483647;
			files = (
				B4A726C6214C1B6F00EB8258 /* GameScene.swift in Sources */,
				B4F84F78218472A000818E3F /* StartViewController.swift in Sources */,
				B4A726C8214C1B6F00EB8258 /* GameViewController.swift in Sources */,
				B4A726C0214C1B6F00EB8258 /* AppDelegate.swift in Sources */,
			);
			runOnlyForDeploymentPostprocessing = 0;
		};
		B4A726D2214C1B7000EB8258 /* Sources */ = {
			isa = PBXSourcesBuildPhase;
			buildActionMask = 2147483647;
			files = (
				B4A726DB214C1B7000EB8258 /* shooting_gameTests.swift in Sources */,
			);
			runOnlyForDeploymentPostprocessing = 0;
		};
		B4A726DD214C1B7000EB8258 /* Sources */ = {
			isa = PBXSourcesBuildPhase;
			buildActionMask = 2147483647;
			files = (
				B4A726E6214C1B7000EB8258 /* shooting_gameUITests.swift in Sources */,
			);
			runOnlyForDeploymentPostprocessing = 0;
		};
/* End PBXSourcesBuildPhase section */

/* Begin PBXTargetDependency section */
		B4A726D8214C1B7000EB8258 /* PBXTargetDependency */ = {
			isa = PBXTargetDependency;
			target = B4A726BB214C1B6F00EB8258 /* shooting-game */;
			targetProxy = B4A726D7214C1B7000EB8258 /* PBXContainerItemProxy */;
		};
		B4A726E3214C1B7000EB8258 /* PBXTargetDependency */ = {
			isa = PBXTargetDependency;
			target = B4A726BB214C1B6F00EB8258 /* shooting-game */;
			targetProxy = B4A726E2214C1B7000EB8258 /* PBXContainerItemProxy */;
		};
/* End PBXTargetDependency section */

/* Begin PBXVariantGroup section */
		B4A726C9214C1B6F00EB8258 /* Main.storyboard */ = {
			isa = PBXVariantGroup;
			children = (
				B4A726CA214C1B6F00EB8258 /* Base */,
			);
			name = Main.storyboard;
			sourceTree = "<group>";
		};
		B4A726CE214C1B7000EB8258 /* LaunchScreen.storyboard */ = {
			isa = PBXVariantGroup;
			children = (
				B4A726CF214C1B7000EB8258 /* Base */,
			);
			name = LaunchScreen.storyboard;
			sourceTree = "<group>";
		};
/* End PBXVariantGroup section */

/* Begin XCBuildConfiguration section */
		B4A726E8214C1B7000EB8258 /* Debug */ = {
			isa = XCBuildConfiguration;
			buildSettings = {
				ALWAYS_SEARCH_USER_PATHS = NO;
				CLANG_ANALYZER_NONNULL = YES;
				CLANG_ANALYZER_NUMBER_OBJECT_CONVERSION = YES_AGGRESSIVE;
				CLANG_CXX_LANGUAGE_STANDARD = "gnu++14";
				CLANG_CXX_LIBRARY = "libc++";
				CLANG_ENABLE_MODULES = YES;
				CLANG_ENABLE_OBJC_ARC = YES;
				CLANG_ENABLE_OBJC_WEAK = YES;
				CLANG_WARN_BLOCK_CAPTURE_AUTORELEASING = YES;
				CLANG_WARN_BOOL_CONVERSION = YES;
				CLANG_WARN_COMMA = YES;
				CLANG_WARN_CONSTANT_CONVERSION = YES;
				CLANG_WARN_DEPRECATED_OBJC_IMPLEMENTATIONS = YES;
				CLANG_WARN_DIRECT_OBJC_ISA_USAGE = YES_ERROR;
				CLANG_WARN_DOCUMENTATION_COMMENTS = YES;
				CLANG_WARN_EMPTY_BODY = YES;
				CLANG_WARN_ENUM_CONVERSION = YES;
				CLANG_WARN_INFINITE_RECURSION = YES;
				CLANG_WARN_INT_CONVERSION = YES;
				CLANG_WARN_NON_LITERAL_NULL_CONVERSION = YES;
				CLANG_WARN_OBJC_IMPLICIT_RETAIN_SELF = YES;
				CLANG_WARN_OBJC_LITERAL_CONVERSION = YES;
				CLANG_WARN_OBJC_ROOT_CLASS = YES_ERROR;
				CLANG_WARN_RANGE_LOOP_ANALYSIS = YES;
				CLANG_WARN_STRICT_PROTOTYPES = YES;
				CLANG_WARN_SUSPICIOUS_MOVE = YES;
				CLANG_WARN_UNGUARDED_AVAILABILITY = YES_AGGRESSIVE;
				CLANG_WARN_UNREACHABLE_CODE = YES;
				CLANG_WARN__DUPLICATE_METHOD_MATCH = YES;
				CODE_SIGN_IDENTITY = "iPhone Developer";
				COPY_PHASE_STRIP = NO;
				DEBUG_INFORMATION_FORMAT = dwarf;
				ENABLE_STRICT_OBJC_MSGSEND = YES;
				ENABLE_TESTABILITY = YES;
				GCC_C_LANGUAGE_STANDARD = gnu11;
				GCC_DYNAMIC_NO_PIC = NO;
				GCC_NO_COMMON_BLOCKS = YES;
				GCC_OPTIMIZATION_LEVEL = 0;
				GCC_PREPROCESSOR_DEFINITIONS = (
					"DEBUG=1",
					"$(inherited)",
				);
				GCC_WARN_64_TO_32_BIT_CONVERSION = YES;
				GCC_WARN_ABOUT_RETURN_TYPE = YES_ERROR;
				GCC_WARN_UNDECLARED_SELECTOR = YES;
				GCC_WARN_UNINITIALIZED_AUTOS = YES_AGGRESSIVE;
				GCC_WARN_UNUSED_FUNCTION = YES;
				GCC_WARN_UNUSED_VARIABLE = YES;
				IPHONEOS_DEPLOYMENT_TARGET = 11.4;
				MTL_ENABLE_DEBUG_INFO = YES;
				ONLY_ACTIVE_ARCH = YES;
				SDKROOT = iphoneos;
				SWIFT_ACTIVE_COMPILATION_CONDITIONS = DEBUG;
				SWIFT_OPTIMIZATION_LEVEL = "-Onone";
			};
			name = Debug;
		};
		B4A726E9214C1B7000EB8258 /* Release */ = {
			isa = XCBuildConfiguration;
			buildSettings = {
				ALWAYS_SEARCH_USER_PATHS = NO;
				CLANG_ANALYZER_NONNULL = YES;
				CLANG_ANALYZER_NUMBER_OBJECT_CONVERSION = YES_AGGRESSIVE;
				CLANG_CXX_LANGUAGE_STANDARD = "gnu++14";
				CLANG_CXX_LIBRARY = "libc++";
				CLANG_ENABLE_MODULES = YES;
				CLANG_ENABLE_OBJC_ARC = YES;
				CLANG_ENABLE_OBJC_WEAK = YES;
				CLANG_WARN_BLOCK_CAPTURE_AUTORELEASING = YES;
				CLANG_WARN_BOOL_CONVERSION = YES;
				CLANG_WARN_COMMA = YES;
				CLANG_WARN_CONSTANT_CONVERSION = YES;
				CLANG_WARN_DEPRECATED_OBJC_IMPLEMENTATIONS = YES;
				CLANG_WARN_DIRECT_OBJC_ISA_USAGE = YES_ERROR;
				CLANG_WARN_DOCUMENTATION_COMMENTS = YES;
				CLANG_WARN_EMPTY_BODY = YES;
				CLANG_WARN_ENUM_CONVERSION = YES;
				CLANG_WARN_INFINITE_RECURSION = YES;
				CLANG_WARN_INT_CONVERSION = YES;
				CLANG_WARN_NON_LITERAL_NULL_CONVERSION = YES;
				CLANG_WARN_OBJC_IMPLICIT_RETAIN_SELF = YES;
				CLANG_WARN_OBJC_LITERAL_CONVERSION = YES;
				CLANG_WARN_OBJC_ROOT_CLASS = YES_ERROR;
				CLANG_WARN_RANGE_LOOP_ANALYSIS = YES;
				CLANG_WARN_STRICT_PROTOTYPES = YES;
				CLANG_WARN_SUSPICIOUS_MOVE = YES;
				CLANG_WARN_UNGUARDED_AVAILABILITY = YES_AGGRESSIVE;
				CLANG_WARN_UNREACHABLE_CODE = YES;
				CLANG_WARN__DUPLICATE_METHOD_MATCH = YES;
				CODE_SIGN_IDENTITY = "iPhone Developer";
				COPY_PHASE_STRIP = NO;
				DEBUG_INFORMATION_FORMAT = "dwarf-with-dsym";
				ENABLE_NS_ASSERTIONS = NO;
				ENABLE_STRICT_OBJC_MSGSEND = YES;
				GCC_C_LANGUAGE_STANDARD = gnu11;
				GCC_NO_COMMON_BLOCKS = YES;
				GCC_WARN_64_TO_32_BIT_CONVERSION = YES;
				GCC_WARN_ABOUT_RETURN_TYPE = YES_ERROR;
				GCC_WARN_UNDECLARED_SELECTOR = YES;
				GCC_WARN_UNINITIALIZED_AUTOS = YES_AGGRESSIVE;
				GCC_WARN_UNUSED_FUNCTION = YES;
				GCC_WARN_UNUSED_VARIABLE = YES;
				IPHONEOS_DEPLOYMENT_TARGET = 11.4;
				MTL_ENABLE_DEBUG_INFO = NO;
				SDKROOT = iphoneos;
				SWIFT_COMPILATION_MODE = wholemodule;
				SWIFT_OPTIMIZATION_LEVEL = "-O";
				VALIDATE_PRODUCT = YES;
			};
			name = Release;
		};
		B4A726EB214C1B7000EB8258 /* Debug */ = {
			isa = XCBuildConfiguration;
			baseConfigurationReference = 187708F582A60E5FBEC5FD39 /* Pods-shooting-game.debug.xcconfig */;
			buildSettings = {
				ASSETCATALOG_COMPILER_APPICON_NAME = AppIcon;
				CLANG_ENABLE_MODULES = YES;
				CODE_SIGN_STYLE = Automatic;
				DEVELOPMENT_TEAM = 3YN9N8M6DQ;
				INFOPLIST_FILE = "shooting-game/Info.plist";
				IPHONEOS_DEPLOYMENT_TARGET = 12.1;
				LD_RUNPATH_SEARCH_PATHS = (
					"$(inherited)",
					"@executable_path/Frameworks",
				);
				PRODUCT_BUNDLE_IDENTIFIER = "com.litech.shooting-game";
				PRODUCT_NAME = "$(TARGET_NAME)";
				SWIFT_OBJC_BRIDGING_HEADER = "shooting-game/shooting-game-Bridging-Header.h";
				SWIFT_OPTIMIZATION_LEVEL = "-Onone";
				SWIFT_VERSION = 4.0;
				TARGETED_DEVICE_FAMILY = "1,2";
			};
			name = Debug;
		};
		B4A726EC214C1B7000EB8258 /* Release */ = {
			isa = XCBuildConfiguration;
			baseConfigurationReference = 8B0F69AC2C70006EF646E62C /* Pods-shooting-game.release.xcconfig */;
			buildSettings = {
				ASSETCATALOG_COMPILER_APPICON_NAME = AppIcon;
				CLANG_ENABLE_MODULES = YES;
				CODE_SIGN_STYLE = Automatic;
				DEVELOPMENT_TEAM = 3YN9N8M6DQ;
				INFOPLIST_FILE = "shooting-game/Info.plist";
				IPHONEOS_DEPLOYMENT_TARGET = 12.1;
				LD_RUNPATH_SEARCH_PATHS = (
					"$(inherited)",
					"@executable_path/Frameworks",
				);
				PRODUCT_BUNDLE_IDENTIFIER = "com.litech.shooting-game";
				PRODUCT_NAME = "$(TARGET_NAME)";
				SWIFT_OBJC_BRIDGING_HEADER = "shooting-game/shooting-game-Bridging-Header.h";
				SWIFT_VERSION = 4.0;
				TARGETED_DEVICE_FAMILY = "1,2";
			};
			name = Release;
		};
		B4A726EE214C1B7000EB8258 /* Debug */ = {
			isa = XCBuildConfiguration;
			baseConfigurationReference = 93308B8CEAC48A2BED4ECFFF /* Pods-shooting-gameTests.debug.xcconfig */;
			buildSettings = {
				ALWAYS_EMBED_SWIFT_STANDARD_LIBRARIES = YES;
				BUNDLE_LOADER = "$(TEST_HOST)";
				CODE_SIGN_STYLE = Automatic;
				INFOPLIST_FILE = "shooting-gameTests/Info.plist";
				LD_RUNPATH_SEARCH_PATHS = (
					"$(inherited)",
					"@executable_path/Frameworks",
					"@loader_path/Frameworks",
				);
				PRODUCT_BUNDLE_IDENTIFIER = "com.litech.shooting-gameTests";
				PRODUCT_NAME = "$(TARGET_NAME)";
				SWIFT_VERSION = 4.0;
				TARGETED_DEVICE_FAMILY = "1,2";
				TEST_HOST = "$(BUILT_PRODUCTS_DIR)/shooting-game.app/shooting-game";
			};
			name = Debug;
		};
		B4A726EF214C1B7000EB8258 /* Release */ = {
			isa = XCBuildConfiguration;
			baseConfigurationReference = E331C9F62B99214429E558C2 /* Pods-shooting-gameTests.release.xcconfig */;
			buildSettings = {
				ALWAYS_EMBED_SWIFT_STANDARD_LIBRARIES = YES;
				BUNDLE_LOADER = "$(TEST_HOST)";
				CODE_SIGN_STYLE = Automatic;
				INFOPLIST_FILE = "shooting-gameTests/Info.plist";
				LD_RUNPATH_SEARCH_PATHS = (
					"$(inherited)",
					"@executable_path/Frameworks",
					"@loader_path/Frameworks",
				);
				PRODUCT_BUNDLE_IDENTIFIER = "com.litech.shooting-gameTests";
				PRODUCT_NAME = "$(TARGET_NAME)";
				SWIFT_VERSION = 4.0;
				TARGETED_DEVICE_FAMILY = "1,2";
				TEST_HOST = "$(BUILT_PRODUCTS_DIR)/shooting-game.app/shooting-game";
			};
			name = Release;
		};
		B4A726F1214C1B7000EB8258 /* Debug */ = {
			isa = XCBuildConfiguration;
			baseConfigurationReference = 341F55B89134864C3F237ACF /* Pods-shooting-gameUITests.debug.xcconfig */;
			buildSettings = {
				ALWAYS_EMBED_SWIFT_STANDARD_LIBRARIES = YES;
				CODE_SIGN_STYLE = Automatic;
				INFOPLIST_FILE = "shooting-gameUITests/Info.plist";
				LD_RUNPATH_SEARCH_PATHS = (
					"$(inherited)",
					"@executable_path/Frameworks",
					"@loader_path/Frameworks",
				);
				PRODUCT_BUNDLE_IDENTIFIER = "com.litech.shooting-gameUITests";
				PRODUCT_NAME = "$(TARGET_NAME)";
				SWIFT_VERSION = 4.0;
				TARGETED_DEVICE_FAMILY = "1,2";
				TEST_TARGET_NAME = "shooting-game";
			};
			name = Debug;
		};
		B4A726F2214C1B7000EB8258 /* Release */ = {
			isa = XCBuildConfiguration;
			baseConfigurationReference = 1DBE95BEEBED3F7D1E828AAD /* Pods-shooting-gameUITests.release.xcconfig */;
			buildSettings = {
				ALWAYS_EMBED_SWIFT_STANDARD_LIBRARIES = YES;
				CODE_SIGN_STYLE = Automatic;
				INFOPLIST_FILE = "shooting-gameUITests/Info.plist";
				LD_RUNPATH_SEARCH_PATHS = (
					"$(inherited)",
					"@executable_path/Frameworks",
					"@loader_path/Frameworks",
				);
				PRODUCT_BUNDLE_IDENTIFIER = "com.litech.shooting-gameUITests";
				PRODUCT_NAME = "$(TARGET_NAME)";
				SWIFT_VERSION = 4.0;
				TARGETED_DEVICE_FAMILY = "1,2";
				TEST_TARGET_NAME = "shooting-game";
			};
			name = Release;
		};
/* End XCBuildConfiguration section */

/* Begin XCConfigurationList section */
		B4A726B7214C1B6F00EB8258 /* Build configuration list for PBXProject "shooting-game" */ = {
			isa = XCConfigurationList;
			buildConfigurations = (
				B4A726E8214C1B7000EB8258 /* Debug */,
				B4A726E9214C1B7000EB8258 /* Release */,
			);
			defaultConfigurationIsVisible = 0;
			defaultConfigurationName = Release;
		};
		B4A726EA214C1B7000EB8258 /* Build configuration list for PBXNativeTarget "shooting-game" */ = {
			isa = XCConfigurationList;
			buildConfigurations = (
				B4A726EB214C1B7000EB8258 /* Debug */,
				B4A726EC214C1B7000EB8258 /* Release */,
			);
			defaultConfigurationIsVisible = 0;
			defaultConfigurationName = Release;
		};
		B4A726ED214C1B7000EB8258 /* Build configuration list for PBXNativeTarget "shooting-gameTests" */ = {
			isa = XCConfigurationList;
			buildConfigurations = (
				B4A726EE214C1B7000EB8258 /* Debug */,
				B4A726EF214C1B7000EB8258 /* Release */,
			);
			defaultConfigurationIsVisible = 0;
			defaultConfigurationName = Release;
		};
		B4A726F0214C1B7000EB8258 /* Build configuration list for PBXNativeTarget "shooting-gameUITests" */ = {
			isa = XCConfigurationList;
			buildConfigurations = (
				B4A726F1214C1B7000EB8258 /* Debug */,
				B4A726F2214C1B7000EB8258 /* Release */,
			);
			defaultConfigurationIsVisible = 0;
			defaultConfigurationName = Release;
		};
/* End XCConfigurationList section */
	};
	rootObject = B4A726B4214C1B6F00EB8258 /* Project object */;
}
